// !$*UTF8*$!
{
	archiveVersion = 1;
	classes = {
	};
	objectVersion = 56;
	objects = {

/* Begin PBXBuildFile section */
		AF2F459A2BD2CAC600E630AE /* CharacterResponseDTO.swift in Sources */ = {isa = PBXBuildFile; fileRef = AF2F45992BD2CAC600E630AE /* CharacterResponseDTO.swift */; };
		AF2F459E2BD2CD6E00E630AE /* URLSessionHTTPClient.swift in Sources */ = {isa = PBXBuildFile; fileRef = AF2F459D2BD2CD6E00E630AE /* URLSessionHTTPClient.swift */; };
		AF2F45A02BD3F6A600E630AE /* OriginDTO.swift in Sources */ = {isa = PBXBuildFile; fileRef = AF2F459F2BD3F6A600E630AE /* OriginDTO.swift */; };
		AF2F45A22BD3F7AB00E630AE /* Origin.swift in Sources */ = {isa = PBXBuildFile; fileRef = AF2F45A12BD3F7AB00E630AE /* Origin.swift */; };
		AF2F45A62BD4224500E630AE /* CharacterListViewModel.swift in Sources */ = {isa = PBXBuildFile; fileRef = AF2F45A52BD4224500E630AE /* CharacterListViewModel.swift */; };
		AF2F45AA2BD422E800E630AE /* CharacterListView.swift in Sources */ = {isa = PBXBuildFile; fileRef = AF2F45A92BD422E800E630AE /* CharacterListView.swift */; };
		AF2F45AC2BD6521200E630AE /* CharacterViewCell.swift in Sources */ = {isa = PBXBuildFile; fileRef = AF2F45AB2BD6521200E630AE /* CharacterViewCell.swift */; };
		AF2F45AF2BD65B6700E630AE /* ScrollPreferenceKey.swift in Sources */ = {isa = PBXBuildFile; fileRef = AF2F45AE2BD65B6700E630AE /* ScrollPreferenceKey.swift */; };
		AF3E7E852BD26B5E006E6CFE /* rickymortyApp.swift in Sources */ = {isa = PBXBuildFile; fileRef = AF3E7E842BD26B5E006E6CFE /* rickymortyApp.swift */; };
		AF3E7E872BD26B5E006E6CFE /* ContentView.swift in Sources */ = {isa = PBXBuildFile; fileRef = AF3E7E862BD26B5E006E6CFE /* ContentView.swift */; };
		AF3E7E892BD26B61006E6CFE /* Assets.xcassets in Resources */ = {isa = PBXBuildFile; fileRef = AF3E7E882BD26B61006E6CFE /* Assets.xcassets */; };
		AF3E7E8C2BD26B61006E6CFE /* Preview Assets.xcassets in Resources */ = {isa = PBXBuildFile; fileRef = AF3E7E8B2BD26B61006E6CFE /* Preview Assets.xcassets */; };
		AF8277342BD28BF6008980B6 /* Character.swift in Sources */ = {isa = PBXBuildFile; fileRef = AF8277332BD28BF6008980B6 /* Character.swift */; };
		AF8277372BD28D15008980B6 /* GetCharacterListUseCase.swift in Sources */ = {isa = PBXBuildFile; fileRef = AF8277362BD28D15008980B6 /* GetCharacterListUseCase.swift */; };
		AF82773A2BD28E59008980B6 /* GetCharacterListRepository.swift in Sources */ = {isa = PBXBuildFile; fileRef = AF8277392BD28E59008980B6 /* GetCharacterListRepository.swift */; };
		AF82773C2BD28E6D008980B6 /* CharacterDomainError.swift in Sources */ = {isa = PBXBuildFile; fileRef = AF82773B2BD28E6D008980B6 /* CharacterDomainError.swift */; };
		AF8277402BD28EBB008980B6 /* GetCharacterListRepositoryImp.swift in Sources */ = {isa = PBXBuildFile; fileRef = AF82773F2BD28EBB008980B6 /* GetCharacterListRepositoryImp.swift */; };
		AF8277432BD2B3C2008980B6 /* CharacterDTO.swift in Sources */ = {isa = PBXBuildFile; fileRef = AF8277422BD2B3C2008980B6 /* CharacterDTO.swift */; };
		AF8277462BD2B44F008980B6 /* HTTPClientError.swift in Sources */ = {isa = PBXBuildFile; fileRef = AF8277452BD2B44F008980B6 /* HTTPClientError.swift */; };
		AF8277482BD2B474008980B6 /* APIDataSource.swift in Sources */ = {isa = PBXBuildFile; fileRef = AF8277472BD2B474008980B6 /* APIDataSource.swift */; };
		AF82774A2BD2BB35008980B6 /* CharacterDomainMapper.swift in Sources */ = {isa = PBXBuildFile; fileRef = AF8277492BD2BB35008980B6 /* CharacterDomainMapper.swift */; };
		AF82774C2BD2BB5B008980B6 /* CharacterDomainErrorMapper.swift in Sources */ = {isa = PBXBuildFile; fileRef = AF82774B2BD2BB5B008980B6 /* CharacterDomainErrorMapper.swift */; };
		AF8277512BD2BC0E008980B6 /* Extensions.swift in Sources */ = {isa = PBXBuildFile; fileRef = AF8277502BD2BC0E008980B6 /* Extensions.swift */; };
/* End PBXBuildFile section */

/* Begin PBXFileReference section */
		AF2F45992BD2CAC600E630AE /* CharacterResponseDTO.swift */ = {isa = PBXFileReference; lastKnownFileType = sourcecode.swift; path = CharacterResponseDTO.swift; sourceTree = "<group>"; };
		AF2F459D2BD2CD6E00E630AE /* URLSessionHTTPClient.swift */ = {isa = PBXFileReference; lastKnownFileType = sourcecode.swift; path = URLSessionHTTPClient.swift; sourceTree = "<group>"; };
		AF2F459F2BD3F6A600E630AE /* OriginDTO.swift */ = {isa = PBXFileReference; lastKnownFileType = sourcecode.swift; path = OriginDTO.swift; sourceTree = "<group>"; };
		AF2F45A12BD3F7AB00E630AE /* Origin.swift */ = {isa = PBXFileReference; lastKnownFileType = sourcecode.swift; path = Origin.swift; sourceTree = "<group>"; };
		AF2F45A52BD4224500E630AE /* CharacterListViewModel.swift */ = {isa = PBXFileReference; lastKnownFileType = sourcecode.swift; path = CharacterListViewModel.swift; sourceTree = "<group>"; };
		AF2F45A92BD422E800E630AE /* CharacterListView.swift */ = {isa = PBXFileReference; lastKnownFileType = sourcecode.swift; path = CharacterListView.swift; sourceTree = "<group>"; };
		AF2F45AB2BD6521200E630AE /* CharacterViewCell.swift */ = {isa = PBXFileReference; lastKnownFileType = sourcecode.swift; path = CharacterViewCell.swift; sourceTree = "<group>"; };
		AF2F45AE2BD65B6700E630AE /* ScrollPreferenceKey.swift */ = {isa = PBXFileReference; lastKnownFileType = sourcecode.swift; path = ScrollPreferenceKey.swift; sourceTree = "<group>"; };
		AF3E7E812BD26B5E006E6CFE /* rickymorty.app */ = {isa = PBXFileReference; explicitFileType = wrapper.application; includeInIndex = 0; path = rickymorty.app; sourceTree = BUILT_PRODUCTS_DIR; };
		AF3E7E842BD26B5E006E6CFE /* rickymortyApp.swift */ = {isa = PBXFileReference; lastKnownFileType = sourcecode.swift; path = rickymortyApp.swift; sourceTree = "<group>"; };
		AF3E7E862BD26B5E006E6CFE /* ContentView.swift */ = {isa = PBXFileReference; lastKnownFileType = sourcecode.swift; path = ContentView.swift; sourceTree = "<group>"; };
		AF3E7E882BD26B61006E6CFE /* Assets.xcassets */ = {isa = PBXFileReference; lastKnownFileType = folder.assetcatalog; path = Assets.xcassets; sourceTree = "<group>"; };
		AF3E7E8B2BD26B61006E6CFE /* Preview Assets.xcassets */ = {isa = PBXFileReference; lastKnownFileType = folder.assetcatalog; path = "Preview Assets.xcassets"; sourceTree = "<group>"; };
		AF8277332BD28BF6008980B6 /* Character.swift */ = {isa = PBXFileReference; lastKnownFileType = sourcecode.swift; path = Character.swift; sourceTree = "<group>"; };
		AF8277362BD28D15008980B6 /* GetCharacterListUseCase.swift */ = {isa = PBXFileReference; lastKnownFileType = sourcecode.swift; path = GetCharacterListUseCase.swift; sourceTree = "<group>"; };
		AF8277392BD28E59008980B6 /* GetCharacterListRepository.swift */ = {isa = PBXFileReference; lastKnownFileType = sourcecode.swift; path = GetCharacterListRepository.swift; sourceTree = "<group>"; };
		AF82773B2BD28E6D008980B6 /* CharacterDomainError.swift */ = {isa = PBXFileReference; lastKnownFileType = sourcecode.swift; path = CharacterDomainError.swift; sourceTree = "<group>"; };
		AF82773F2BD28EBB008980B6 /* GetCharacterListRepositoryImp.swift */ = {isa = PBXFileReference; lastKnownFileType = sourcecode.swift; path = GetCharacterListRepositoryImp.swift; sourceTree = "<group>"; };
		AF8277422BD2B3C2008980B6 /* CharacterDTO.swift */ = {isa = PBXFileReference; lastKnownFileType = sourcecode.swift; path = CharacterDTO.swift; sourceTree = "<group>"; };
		AF8277452BD2B44F008980B6 /* HTTPClientError.swift */ = {isa = PBXFileReference; lastKnownFileType = sourcecode.swift; path = HTTPClientError.swift; sourceTree = "<group>"; };
		AF8277472BD2B474008980B6 /* APIDataSource.swift */ = {isa = PBXFileReference; lastKnownFileType = sourcecode.swift; path = APIDataSource.swift; sourceTree = "<group>"; };
		AF8277492BD2BB35008980B6 /* CharacterDomainMapper.swift */ = {isa = PBXFileReference; lastKnownFileType = sourcecode.swift; path = CharacterDomainMapper.swift; sourceTree = "<group>"; };
		AF82774B2BD2BB5B008980B6 /* CharacterDomainErrorMapper.swift */ = {isa = PBXFileReference; lastKnownFileType = sourcecode.swift; path = CharacterDomainErrorMapper.swift; sourceTree = "<group>"; };
		AF8277502BD2BC0E008980B6 /* Extensions.swift */ = {isa = PBXFileReference; lastKnownFileType = sourcecode.swift; path = Extensions.swift; sourceTree = "<group>"; };
/* End PBXFileReference section */

/* Begin PBXFrameworksBuildPhase section */
		AF3E7E7E2BD26B5E006E6CFE /* Frameworks */ = {
			isa = PBXFrameworksBuildPhase;
			buildActionMask = 2147483647;
			files = (
			);
			runOnlyForDeploymentPostprocessing = 0;
		};
/* End PBXFrameworksBuildPhase section */

/* Begin PBXGroup section */
		AF2F459B2BD2CD5200E630AE /* Infrastructure */ = {
			isa = PBXGroup;
			children = (
				AF2F459C2BD2CD6000E630AE /* Networking */,
			);
			path = Infrastructure;
			sourceTree = "<group>";
		};
		AF2F459C2BD2CD6000E630AE /* Networking */ = {
			isa = PBXGroup;
			children = (
				AF2F459D2BD2CD6E00E630AE /* URLSessionHTTPClient.swift */,
			);
			path = Networking;
			sourceTree = "<group>";
		};
		AF2F45A32BD4220C00E630AE /* Presentation */ = {
			isa = PBXGroup;
			children = (
				AF2F45AD2BD65B6300E630AE /* ScrollPreferenceKey */,
				AF2F45A42BD4221D00E630AE /* CharacterList */,
			);
			path = Presentation;
			sourceTree = "<group>";
		};
		AF2F45A42BD4221D00E630AE /* CharacterList */ = {
			isa = PBXGroup;
			children = (
				AF2F45A82BD422D900E630AE /* View */,
				AF2F45A72BD422D000E630AE /* ViewModel */,
			);
			path = CharacterList;
			sourceTree = "<group>";
		};
		AF2F45A72BD422D000E630AE /* ViewModel */ = {
			isa = PBXGroup;
			children = (
				AF2F45A52BD4224500E630AE /* CharacterListViewModel.swift */,
			);
			path = ViewModel;
			sourceTree = "<group>";
		};
		AF2F45A82BD422D900E630AE /* View */ = {
			isa = PBXGroup;
			children = (
				AF2F45A92BD422E800E630AE /* CharacterListView.swift */,
				AF2F45AB2BD6521200E630AE /* CharacterViewCell.swift */,
			);
			path = View;
			sourceTree = "<group>";
		};
		AF2F45AD2BD65B6300E630AE /* ScrollPreferenceKey */ = {
			isa = PBXGroup;
			children = (
				AF2F45AE2BD65B6700E630AE /* ScrollPreferenceKey.swift */,
			);
			path = ScrollPreferenceKey;
			sourceTree = "<group>";
		};
		AF3E7E782BD26B5E006E6CFE = {
			isa = PBXGroup;
			children = (
				AF3E7E832BD26B5E006E6CFE /* rickymorty */,
				AF3E7E822BD26B5E006E6CFE /* Products */,
			);
			sourceTree = "<group>";
		};
		AF3E7E822BD26B5E006E6CFE /* Products */ = {
			isa = PBXGroup;
			children = (
				AF3E7E812BD26B5E006E6CFE /* rickymorty.app */,
			);
			name = Products;
			sourceTree = "<group>";
		};
		AF3E7E832BD26B5E006E6CFE /* rickymorty */ = {
			isa = PBXGroup;
			children = (
				AF2F45A32BD4220C00E630AE /* Presentation */,
				AF2F459B2BD2CD5200E630AE /* Infrastructure */,
				AF82774D2BD2BB74008980B6 /* Utils */,
				AF8277312BD28BD5008980B6 /* Domain */,
				AF82773D2BD28E96008980B6 /* Data */,
				AF3E7E842BD26B5E006E6CFE /* rickymortyApp.swift */,
				AF3E7E862BD26B5E006E6CFE /* ContentView.swift */,
				AF3E7E882BD26B61006E6CFE /* Assets.xcassets */,
				AF3E7E8A2BD26B61006E6CFE /* Preview Content */,
			);
			path = rickymorty;
			sourceTree = "<group>";
		};
		AF3E7E8A2BD26B61006E6CFE /* Preview Content */ = {
			isa = PBXGroup;
			children = (
				AF3E7E8B2BD26B61006E6CFE /* Preview Assets.xcassets */,
			);
			path = "Preview Content";
			sourceTree = "<group>";
		};
		AF8277312BD28BD5008980B6 /* Domain */ = {
			isa = PBXGroup;
			children = (
				AF8277382BD28E52008980B6 /* Interfaces */,
				AF8277352BD28CF4008980B6 /* Use Cases */,
				AF8277322BD28BDA008980B6 /* Entities */,
				AF82773B2BD28E6D008980B6 /* CharacterDomainError.swift */,
				AF8277492BD2BB35008980B6 /* CharacterDomainMapper.swift */,
				AF82774B2BD2BB5B008980B6 /* CharacterDomainErrorMapper.swift */,
			);
			path = Domain;
			sourceTree = "<group>";
		};
		AF8277322BD28BDA008980B6 /* Entities */ = {
			isa = PBXGroup;
			children = (
				AF8277332BD28BF6008980B6 /* Character.swift */,
				AF2F45A12BD3F7AB00E630AE /* Origin.swift */,
			);
			path = Entities;
			sourceTree = "<group>";
		};
		AF8277352BD28CF4008980B6 /* Use Cases */ = {
			isa = PBXGroup;
			children = (
				AF8277362BD28D15008980B6 /* GetCharacterListUseCase.swift */,
			);
			path = "Use Cases";
			sourceTree = "<group>";
		};
		AF8277382BD28E52008980B6 /* Interfaces */ = {
			isa = PBXGroup;
			children = (
				AF8277392BD28E59008980B6 /* GetCharacterListRepository.swift */,
			);
			path = Interfaces;
			sourceTree = "<group>";
		};
		AF82773D2BD28E96008980B6 /* Data */ = {
			isa = PBXGroup;
			children = (
				AF8277442BD2B449008980B6 /* Networking */,
				AF8277412BD2B3B6008980B6 /* DTOs */,
				AF82773E2BD28E9A008980B6 /* Repositories */,
			);
			path = Data;
			sourceTree = "<group>";
		};
		AF82773E2BD28E9A008980B6 /* Repositories */ = {
			isa = PBXGroup;
			children = (
				AF82773F2BD28EBB008980B6 /* GetCharacterListRepositoryImp.swift */,
			);
			path = Repositories;
			sourceTree = "<group>";
		};
		AF8277412BD2B3B6008980B6 /* DTOs */ = {
			isa = PBXGroup;
			children = (
				AF2F45992BD2CAC600E630AE /* CharacterResponseDTO.swift */,
				AF8277422BD2B3C2008980B6 /* CharacterDTO.swift */,
				AF2F459F2BD3F6A600E630AE /* OriginDTO.swift */,
			);
			path = DTOs;
			sourceTree = "<group>";
		};
		AF8277442BD2B449008980B6 /* Networking */ = {
			isa = PBXGroup;
			children = (
				AF8277452BD2B44F008980B6 /* HTTPClientError.swift */,
				AF8277472BD2B474008980B6 /* APIDataSource.swift */,
			);
			path = Networking;
			sourceTree = "<group>";
		};
		AF82774D2BD2BB74008980B6 /* Utils */ = {
			isa = PBXGroup;
			children = (
				AF8277502BD2BC0E008980B6 /* Extensions.swift */,
			);
			path = Utils;
			sourceTree = "<group>";
		};
/* End PBXGroup section */

/* Begin PBXNativeTarget section */
		AF3E7E802BD26B5E006E6CFE /* rickymorty */ = {
			isa = PBXNativeTarget;
			buildConfigurationList = AF3E7E8F2BD26B61006E6CFE /* Build configuration list for PBXNativeTarget "rickymorty" */;
			buildPhases = (
				AF3E7E7D2BD26B5E006E6CFE /* Sources */,
				AF3E7E7E2BD26B5E006E6CFE /* Frameworks */,
				AF3E7E7F2BD26B5E006E6CFE /* Resources */,
			);
			buildRules = (
			);
			dependencies = (
			);
			name = rickymorty;
			productName = rickymorty;
			productReference = AF3E7E812BD26B5E006E6CFE /* rickymorty.app */;
			productType = "com.apple.product-type.application";
		};
/* End PBXNativeTarget section */

/* Begin PBXProject section */
		AF3E7E792BD26B5E006E6CFE /* Project object */ = {
			isa = PBXProject;
			attributes = {
				BuildIndependentTargetsInParallel = 1;
				LastSwiftUpdateCheck = 1530;
				LastUpgradeCheck = 1530;
				TargetAttributes = {
					AF3E7E802BD26B5E006E6CFE = {
						CreatedOnToolsVersion = 15.3;
					};
				};
			};
			buildConfigurationList = AF3E7E7C2BD26B5E006E6CFE /* Build configuration list for PBXProject "rickymorty" */;
			compatibilityVersion = "Xcode 14.0";
			developmentRegion = en;
			hasScannedForEncodings = 0;
			knownRegions = (
				en,
				Base,
			);
			mainGroup = AF3E7E782BD26B5E006E6CFE;
			productRefGroup = AF3E7E822BD26B5E006E6CFE /* Products */;
			projectDirPath = "";
			projectRoot = "";
			targets = (
				AF3E7E802BD26B5E006E6CFE /* rickymorty */,
			);
		};
/* End PBXProject section */

/* Begin PBXResourcesBuildPhase section */
		AF3E7E7F2BD26B5E006E6CFE /* Resources */ = {
			isa = PBXResourcesBuildPhase;
			buildActionMask = 2147483647;
			files = (
				AF3E7E8C2BD26B61006E6CFE /* Preview Assets.xcassets in Resources */,
				AF3E7E892BD26B61006E6CFE /* Assets.xcassets in Resources */,
			);
			runOnlyForDeploymentPostprocessing = 0;
		};
/* End PBXResourcesBuildPhase section */

/* Begin PBXSourcesBuildPhase section */
		AF3E7E7D2BD26B5E006E6CFE /* Sources */ = {
			isa = PBXSourcesBuildPhase;
			buildActionMask = 2147483647;
			files = (
				AF8277462BD2B44F008980B6 /* HTTPClientError.swift in Sources */,
				AF8277342BD28BF6008980B6 /* Character.swift in Sources */,
				AF2F459A2BD2CAC600E630AE /* CharacterResponseDTO.swift in Sources */,
				AF82774C2BD2BB5B008980B6 /* CharacterDomainErrorMapper.swift in Sources */,
				AF2F45A62BD4224500E630AE /* CharacterListViewModel.swift in Sources */,
				AF82774A2BD2BB35008980B6 /* CharacterDomainMapper.swift in Sources */,
				AF8277432BD2B3C2008980B6 /* CharacterDTO.swift in Sources */,
				AF2F45AA2BD422E800E630AE /* CharacterListView.swift in Sources */,
				AF3E7E872BD26B5E006E6CFE /* ContentView.swift in Sources */,
				AF8277402BD28EBB008980B6 /* GetCharacterListRepositoryImp.swift in Sources */,
				AF82773C2BD28E6D008980B6 /* CharacterDomainError.swift in Sources */,
				AF2F45A02BD3F6A600E630AE /* OriginDTO.swift in Sources */,
				AF8277512BD2BC0E008980B6 /* Extensions.swift in Sources */,
				AF8277372BD28D15008980B6 /* GetCharacterListUseCase.swift in Sources */,
				AF2F45AC2BD6521200E630AE /* CharacterViewCell.swift in Sources */,
				AF2F459E2BD2CD6E00E630AE /* URLSessionHTTPClient.swift in Sources */,
				AF82773A2BD28E59008980B6 /* GetCharacterListRepository.swift in Sources */,
				AF2F45AF2BD65B6700E630AE /* ScrollPreferenceKey.swift in Sources */,
				AF3E7E852BD26B5E006E6CFE /* rickymortyApp.swift in Sources */,
				AF8277482BD2B474008980B6 /* APIDataSource.swift in Sources */,
				AF2F45A22BD3F7AB00E630AE /* Origin.swift in Sources */,
			);
			runOnlyForDeploymentPostprocessing = 0;
		};
/* End PBXSourcesBuildPhase section */

/* Begin XCBuildConfiguration section */
		AF3E7E8D2BD26B61006E6CFE /* Debug */ = {
			isa = XCBuildConfiguration;
			buildSettings = {
				ALWAYS_SEARCH_USER_PATHS = NO;
				ASSETCATALOG_COMPILER_GENERATE_SWIFT_ASSET_SYMBOL_EXTENSIONS = YES;
				CLANG_ANALYZER_NONNULL = YES;
				CLANG_ANALYZER_NUMBER_OBJECT_CONVERSION = YES_AGGRESSIVE;
				CLANG_CXX_LANGUAGE_STANDARD = "gnu++20";
				CLANG_ENABLE_MODULES = YES;
				CLANG_ENABLE_OBJC_ARC = YES;
				CLANG_ENABLE_OBJC_WEAK = YES;
				CLANG_WARN_BLOCK_CAPTURE_AUTORELEASING = YES;
				CLANG_WARN_BOOL_CONVERSION = YES;
				CLANG_WARN_COMMA = YES;
				CLANG_WARN_CONSTANT_CONVERSION = YES;
				CLANG_WARN_DEPRECATED_OBJC_IMPLEMENTATIONS = YES;
				CLANG_WARN_DIRECT_OBJC_ISA_USAGE = YES_ERROR;
				CLANG_WARN_DOCUMENTATION_COMMENTS = YES;
				CLANG_WARN_EMPTY_BODY = YES;
				CLANG_WARN_ENUM_CONVERSION = YES;
				CLANG_WARN_INFINITE_RECURSION = YES;
				CLANG_WARN_INT_CONVERSION = YES;
				CLANG_WARN_NON_LITERAL_NULL_CONVERSION = YES;
				CLANG_WARN_OBJC_IMPLICIT_RETAIN_SELF = YES;
				CLANG_WARN_OBJC_LITERAL_CONVERSION = YES;
				CLANG_WARN_OBJC_ROOT_CLASS = YES_ERROR;
				CLANG_WARN_QUOTED_INCLUDE_IN_FRAMEWORK_HEADER = YES;
				CLANG_WARN_RANGE_LOOP_ANALYSIS = YES;
				CLANG_WARN_STRICT_PROTOTYPES = YES;
				CLANG_WARN_SUSPICIOUS_MOVE = YES;
				CLANG_WARN_UNGUARDED_AVAILABILITY = YES_AGGRESSIVE;
				CLANG_WARN_UNREACHABLE_CODE = YES;
				CLANG_WARN__DUPLICATE_METHOD_MATCH = YES;
				COPY_PHASE_STRIP = NO;
				DEBUG_INFORMATION_FORMAT = dwarf;
				ENABLE_STRICT_OBJC_MSGSEND = YES;
				ENABLE_TESTABILITY = YES;
				ENABLE_USER_SCRIPT_SANDBOXING = YES;
				GCC_C_LANGUAGE_STANDARD = gnu17;
				GCC_DYNAMIC_NO_PIC = NO;
				GCC_NO_COMMON_BLOCKS = YES;
				GCC_OPTIMIZATION_LEVEL = 0;
				GCC_PREPROCESSOR_DEFINITIONS = (
					"DEBUG=1",
					"$(inherited)",
				);
				GCC_WARN_64_TO_32_BIT_CONVERSION = YES;
				GCC_WARN_ABOUT_RETURN_TYPE = YES_ERROR;
				GCC_WARN_UNDECLARED_SELECTOR = YES;
				GCC_WARN_UNINITIALIZED_AUTOS = YES_AGGRESSIVE;
				GCC_WARN_UNUSED_FUNCTION = YES;
				GCC_WARN_UNUSED_VARIABLE = YES;
				IPHONEOS_DEPLOYMENT_TARGET = 17.4;
				LOCALIZATION_PREFERS_STRING_CATALOGS = YES;
				MTL_ENABLE_DEBUG_INFO = INCLUDE_SOURCE;
				MTL_FAST_MATH = YES;
				ONLY_ACTIVE_ARCH = YES;
				SDKROOT = iphoneos;
				SWIFT_ACTIVE_COMPILATION_CONDITIONS = "DEBUG $(inherited)";
				SWIFT_OPTIMIZATION_LEVEL = "-Onone";
			};
			name = Debug;
		};
		AF3E7E8E2BD26B61006E6CFE /* Release */ = {
			isa = XCBuildConfiguration;
			buildSettings = {
				ALWAYS_SEARCH_USER_PATHS = NO;
				ASSETCATALOG_COMPILER_GENERATE_SWIFT_ASSET_SYMBOL_EXTENSIONS = YES;
				CLANG_ANALYZER_NONNULL = YES;
				CLANG_ANALYZER_NUMBER_OBJECT_CONVERSION = YES_AGGRESSIVE;
				CLANG_CXX_LANGUAGE_STANDARD = "gnu++20";
				CLANG_ENABLE_MODULES = YES;
				CLANG_ENABLE_OBJC_ARC = YES;
				CLANG_ENABLE_OBJC_WEAK = YES;
				CLANG_WARN_BLOCK_CAPTURE_AUTORELEASING = YES;
				CLANG_WARN_BOOL_CONVERSION = YES;
				CLANG_WARN_COMMA = YES;
				CLANG_WARN_CONSTANT_CONVERSION = YES;
				CLANG_WARN_DEPRECATED_OBJC_IMPLEMENTATIONS = YES;
				CLANG_WARN_DIRECT_OBJC_ISA_USAGE = YES_ERROR;
				CLANG_WARN_DOCUMENTATION_COMMENTS = YES;
				CLANG_WARN_EMPTY_BODY = YES;
				CLANG_WARN_ENUM_CONVERSION = YES;
				CLANG_WARN_INFINITE_RECURSION = YES;
				CLANG_WARN_INT_CONVERSION = YES;
				CLANG_WARN_NON_LITERAL_NULL_CONVERSION = YES;
				CLANG_WARN_OBJC_IMPLICIT_RETAIN_SELF = YES;
				CLANG_WARN_OBJC_LITERAL_CONVERSION = YES;
				CLANG_WARN_OBJC_ROOT_CLASS = YES_ERROR;
				CLANG_WARN_QUOTED_INCLUDE_IN_FRAMEWORK_HEADER = YES;
				CLANG_WARN_RANGE_LOOP_ANALYSIS = YES;
				CLANG_WARN_STRICT_PROTOTYPES = YES;
				CLANG_WARN_SUSPICIOUS_MOVE = YES;
				CLANG_WARN_UNGUARDED_AVAILABILITY = YES_AGGRESSIVE;
				CLANG_WARN_UNREACHABLE_CODE = YES;
				CLANG_WARN__DUPLICATE_METHOD_MATCH = YES;
				COPY_PHASE_STRIP = NO;
				DEBUG_INFORMATION_FORMAT = "dwarf-with-dsym";
				ENABLE_NS_ASSERTIONS = NO;
				ENABLE_STRICT_OBJC_MSGSEND = YES;
				ENABLE_USER_SCRIPT_SANDBOXING = YES;
				GCC_C_LANGUAGE_STANDARD = gnu17;
				GCC_NO_COMMON_BLOCKS = YES;
				GCC_WARN_64_TO_32_BIT_CONVERSION = YES;
				GCC_WARN_ABOUT_RETURN_TYPE = YES_ERROR;
				GCC_WARN_UNDECLARED_SELECTOR = YES;
				GCC_WARN_UNINITIALIZED_AUTOS = YES_AGGRESSIVE;
				GCC_WARN_UNUSED_FUNCTION = YES;
				GCC_WARN_UNUSED_VARIABLE = YES;
				IPHONEOS_DEPLOYMENT_TARGET = 17.4;
				LOCALIZATION_PREFERS_STRING_CATALOGS = YES;
				MTL_ENABLE_DEBUG_INFO = NO;
				MTL_FAST_MATH = YES;
				SDKROOT = iphoneos;
				SWIFT_COMPILATION_MODE = wholemodule;
				VALIDATE_PRODUCT = YES;
			};
			name = Release;
		};
		AF3E7E902BD26B61006E6CFE /* Debug */ = {
			isa = XCBuildConfiguration;
			buildSettings = {
				ASSETCATALOG_COMPILER_APPICON_NAME = AppIcon;
				ASSETCATALOG_COMPILER_GLOBAL_ACCENT_COLOR_NAME = AccentColor;
				CODE_SIGN_STYLE = Automatic;
				CURRENT_PROJECT_VERSION = 1;
				DEVELOPMENT_ASSET_PATHS = "\"rickymorty/Preview Content\"";
				DEVELOPMENT_TEAM = 49P6CUFMC5;
				ENABLE_PREVIEWS = YES;
				GENERATE_INFOPLIST_FILE = YES;
				INFOPLIST_KEY_UIApplicationSceneManifest_Generation = YES;
				INFOPLIST_KEY_UIApplicationSupportsIndirectInputEvents = YES;
				INFOPLIST_KEY_UILaunchScreen_Generation = YES;
				INFOPLIST_KEY_UISupportedInterfaceOrientations_iPad = "UIInterfaceOrientationPortrait UIInterfaceOrientationPortraitUpsideDown UIInterfaceOrientationLandscapeLeft UIInterfaceOrientationLandscapeRight";
				INFOPLIST_KEY_UISupportedInterfaceOrientations_iPhone = "UIInterfaceOrientationPortrait UIInterfaceOrientationLandscapeLeft UIInterfaceOrientationLandscapeRight";
				LD_RUNPATH_SEARCH_PATHS = (
					"$(inherited)",
					"@executable_path/Frameworks",
				);
				MARKETING_VERSION = 1.0;
				PRODUCT_BUNDLE_IDENTIFIER = com.rafaelasencio.rickymorty;
				PRODUCT_NAME = "$(TARGET_NAME)";
				SWIFT_EMIT_LOC_STRINGS = YES;
				SWIFT_VERSION = 5.0;
				TARGETED_DEVICE_FAMILY = "1,2";
			};
			name = Debug;
		};
		AF3E7E912BD26B61006E6CFE /* Release */ = {
			isa = XCBuildConfiguration;
			buildSettings = {
				ASSETCATALOG_COMPILER_APPICON_NAME = AppIcon;
				ASSETCATALOG_COMPILER_GLOBAL_ACCENT_COLOR_NAME = AccentColor;
				CODE_SIGN_STYLE = Automatic;
				CURRENT_PROJECT_VERSION = 1;
				DEVELOPMENT_ASSET_PATHS = "\"rickymorty/Preview Content\"";
				DEVELOPMENT_TEAM = 49P6CUFMC5;
				ENABLE_PREVIEWS = YES;
				GENERATE_INFOPLIST_FILE = YES;
				INFOPLIST_KEY_UIApplicationSceneManifest_Generation = YES;
				INFOPLIST_KEY_UIApplicationSupportsIndirectInputEvents = YES;
				INFOPLIST_KEY_UILaunchScreen_Generation = YES;
				INFOPLIST_KEY_UISupportedInterfaceOrientations_iPad = "UIInterfaceOrientationPortrait UIInterfaceOrientationPortraitUpsideDown UIInterfaceOrientationLandscapeLeft UIInterfaceOrientationLandscapeRight";
				INFOPLIST_KEY_UISupportedInterfaceOrientations_iPhone = "UIInterfaceOrientationPortrait UIInterfaceOrientationLandscapeLeft UIInterfaceOrientationLandscapeRight";
				LD_RUNPATH_SEARCH_PATHS = (
					"$(inherited)",
					"@executable_path/Frameworks",
				);
				MARKETING_VERSION = 1.0;
				PRODUCT_BUNDLE_IDENTIFIER = com.rafaelasencio.rickymorty;
				PRODUCT_NAME = "$(TARGET_NAME)";
				SWIFT_EMIT_LOC_STRINGS = YES;
				SWIFT_VERSION = 5.0;
				TARGETED_DEVICE_FAMILY = "1,2";
			};
			name = Release;
		};
/* End XCBuildConfiguration section */

/* Begin XCConfigurationList section */
		AF3E7E7C2BD26B5E006E6CFE /* Build configuration list for PBXProject "rickymorty" */ = {
			isa = XCConfigurationList;
			buildConfigurations = (
				AF3E7E8D2BD26B61006E6CFE /* Debug */,
				AF3E7E8E2BD26B61006E6CFE /* Release */,
			);
			defaultConfigurationIsVisible = 0;
			defaultConfigurationName = Release;
		};
		AF3E7E8F2BD26B61006E6CFE /* Build configuration list for PBXNativeTarget "rickymorty" */ = {
			isa = XCConfigurationList;
			buildConfigurations = (
				AF3E7E902BD26B61006E6CFE /* Debug */,
				AF3E7E912BD26B61006E6CFE /* Release */,
			);
			defaultConfigurationIsVisible = 0;
			defaultConfigurationName = Release;
		};
/* End XCConfigurationList section */
	};
	rootObject = AF3E7E792BD26B5E006E6CFE /* Project object */;
}
